
Microsoft Visual Studio Solution File, Format Version 12.00
# Visual Studio Version 17
VisualStudioVersion = 17.7.34031.279
MinimumVisualStudioVersion = 10.0.40219.1
Project("{FAE04EC0-301F-11D3-BF4B-00C04F79EFBC}") = "HesapMakinasi", "HesapMakinasi.csproj", "{C39A8D31-D1DA-4EF2-836D-B798FA7B5CA8}"
EndProject
Global
	GlobalSection(SolutionConfigurationPlatforms) = preSolution
		Debug|Any CPU = Debug|Any CPU
		Release|Any CPU = Release|Any CPU
	EndGlobalSection
	GlobalSection(ProjectConfigurationPlatforms) = postSolution
		{C39A8D31-D1DA-4EF2-836D-B798FA7B5CA8}.Debug|Any CPU.ActiveCfg = Debug|Any CPU
		{C39A8D31-D1DA-4EF2-836D-B798FA7B5CA8}.Debug|Any CPU.Build.0 = Debug|Any CPU
		{C39A8D31-D1DA-4EF2-836D-B798FA7B5CA8}.Release|Any CPU.ActiveCfg = Release|Any CPU
		{C39A8D31-D1DA-4EF2-836D-B798FA7B5CA8}.Release|Any CPU.Build.0 = Release|Any CPU
	EndGlobalSection
	GlobalSection(SolutionProperties) = preSolution
		HideSolutionNode = FALSE
	EndGlobalSection
	GlobalSection(ExtensibilityGlobals) = postSolution
		SolutionGuid = {5D70A756-FF2B-4DDF-B35D-4D8F8273B2B0}
	EndGlobalSection
EndGlobal
